
Microsoft Visual Studio Solution File, Format Version 12.00
# Visual Studio 15
VisualStudioVersion = 15.0.26430.12
MinimumVisualStudioVersion = 10.0.40219.1
Project("{FAE04EC0-301F-11D3-BF4B-00C04F79EFBC}") = "ChessBoardSquares", "ChessBoardSquares\ChessBoardSquares.csproj", "{96FD058B-B901-4178-8DC3-CD40D1CEEEA7}"
EndProject
Project("{FAE04EC0-301F-11D3-BF4B-00C04F79EFBC}") = "Prefix", "Prefix\Prefix.csproj", "{657D7914-8A19-4B49-861A-DB6CE4D9753C}"
EndProject
Project("{FAE04EC0-301F-11D3-BF4B-00C04F79EFBC}") = "Panagram", "Panagram\Panagram.csproj", "{921225C6-E18D-4E7D-B98C-3FAC5D64005C}"
EndProject
Project("{FAE04EC0-301F-11D3-BF4B-00C04F79EFBC}") = "ExcelColumns", "ExcelColumns\ExcelColumns.csproj", "{9ABF9818-3608-479F-9474-04A9A979A129}"
EndProject
Global
	GlobalSection(SolutionConfigurationPlatforms) = preSolution
		Debug|Any CPU = Debug|Any CPU
		Release|Any CPU = Release|Any CPU
	EndGlobalSection
	GlobalSection(ProjectConfigurationPlatforms) = postSolution
		{96FD058B-B901-4178-8DC3-CD40D1CEEEA7}.Debug|Any CPU.ActiveCfg = Debug|Any CPU
		{96FD058B-B901-4178-8DC3-CD40D1CEEEA7}.Debug|Any CPU.Build.0 = Debug|Any CPU
		{96FD058B-B901-4178-8DC3-CD40D1CEEEA7}.Release|Any CPU.ActiveCfg = Release|Any CPU
		{96FD058B-B901-4178-8DC3-CD40D1CEEEA7}.Release|Any CPU.Build.0 = Release|Any CPU
		{657D7914-8A19-4B49-861A-DB6CE4D9753C}.Debug|Any CPU.ActiveCfg = Debug|Any CPU
		{657D7914-8A19-4B49-861A-DB6CE4D9753C}.Debug|Any CPU.Build.0 = Debug|Any CPU
		{657D7914-8A19-4B49-861A-DB6CE4D9753C}.Release|Any CPU.ActiveCfg = Release|Any CPU
		{657D7914-8A19-4B49-861A-DB6CE4D9753C}.Release|Any CPU.Build.0 = Release|Any CPU
		{921225C6-E18D-4E7D-B98C-3FAC5D64005C}.Debug|Any CPU.ActiveCfg = Debug|Any CPU
		{921225C6-E18D-4E7D-B98C-3FAC5D64005C}.Debug|Any CPU.Build.0 = Debug|Any CPU
		{921225C6-E18D-4E7D-B98C-3FAC5D64005C}.Release|Any CPU.ActiveCfg = Release|Any CPU
		{921225C6-E18D-4E7D-B98C-3FAC5D64005C}.Release|Any CPU.Build.0 = Release|Any CPU
		{9ABF9818-3608-479F-9474-04A9A979A129}.Debug|Any CPU.ActiveCfg = Debug|Any CPU
		{9ABF9818-3608-479F-9474-04A9A979A129}.Debug|Any CPU.Build.0 = Debug|Any CPU
		{9ABF9818-3608-479F-9474-04A9A979A129}.Release|Any CPU.ActiveCfg = Release|Any CPU
		{9ABF9818-3608-479F-9474-04A9A979A129}.Release|Any CPU.Build.0 = Release|Any CPU
	EndGlobalSection
	GlobalSection(SolutionProperties) = preSolution
		HideSolutionNode = FALSE
	EndGlobalSection
EndGlobal
